// !$*UTF8*$!
{
	archiveVersion = 1;
	classes = {
	};
	objectVersion = 50;
	objects = {

/* Begin PBXBuildFile section */
		7CD414522084E3F700134D4C /* AppDelegate.swift in Sources */ = {isa = PBXBuildFile; fileRef = 7CD414512084E3F700134D4C /* AppDelegate.swift */; };
		7CD414542084E3F700134D4C /* MenuViewController.swift in Sources */ = {isa = PBXBuildFile; fileRef = 7CD414532084E3F700134D4C /* MenuViewController.swift */; };
		7CD414572084E3F700134D4C /* Main.storyboard in Resources */ = {isa = PBXBuildFile; fileRef = 7CD414552084E3F700134D4C /* Main.storyboard */; };
		7CD414592084E3F700134D4C /* Assets.xcassets in Resources */ = {isa = PBXBuildFile; fileRef = 7CD414582084E3F700134D4C /* Assets.xcassets */; };
		7CD4145C2084E3F700134D4C /* LaunchScreen.storyboard in Resources */ = {isa = PBXBuildFile; fileRef = 7CD4145A2084E3F700134D4C /* LaunchScreen.storyboard */; };
		AEA1743C20E80D4200757B35 /* RandomizlyModel.swift in Sources */ = {isa = PBXBuildFile; fileRef = AEA1743B20E80D4200757B35 /* RandomizlyModel.swift */; };
		AECAED8A20BD747A0052BBFE /* GameViewController.swift in Sources */ = {isa = PBXBuildFile; fileRef = AECAED8920BD747A0052BBFE /* GameViewController.swift */; };
/* End PBXBuildFile section */

/* Begin PBXContainerItemProxy section */
		7CD414632084E3F700134D4C /* PBXContainerItemProxy */ = {
			isa = PBXContainerItemProxy;
			containerPortal = 7CD414462084E3F700134D4C /* Project object */;
			proxyType = 1;
			remoteGlobalIDString = 7CD4144D2084E3F700134D4C;
			remoteInfo = Randomizly;
		};
		7CD4146E2084E3F700134D4C /* PBXContainerItemProxy */ = {
			isa = PBXContainerItemProxy;
			containerPortal = 7CD414462084E3F700134D4C /* Project object */;
			proxyType = 1;
			remoteGlobalIDString = 7CD4144D2084E3F700134D4C;
			remoteInfo = Randomizly;
		};
/* End PBXContainerItemProxy section */

/* Begin PBXFileReference section */
		7CD4144E2084E3F700134D4C /* Randomizly.app */ = {isa = PBXFileReference; explicitFileType = wrapper.application; includeInIndex = 0; name = Randomizly.app; path = "/Users/nathaniel.idahosa/Dropbox/Coding/Swift/Mimo/Randomizly-master/build/Debug-iphoneos/Randomizly.app"; sourceTree = "<absolute>"; };
		7CD414512084E3F700134D4C /* AppDelegate.swift */ = {isa = PBXFileReference; lastKnownFileType = sourcecode.swift; path = AppDelegate.swift; sourceTree = "<group>"; };
		7CD414532084E3F700134D4C /* MenuViewController.swift */ = {isa = PBXFileReference; lastKnownFileType = sourcecode.swift; path = MenuViewController.swift; sourceTree = "<group>"; };
		7CD414562084E3F700134D4C /* Base */ = {isa = PBXFileReference; lastKnownFileType = file.storyboard; name = Base; path = Base.lproj/Main.storyboard; sourceTree = "<group>"; };
		7CD414582084E3F700134D4C /* Assets.xcassets */ = {isa = PBXFileReference; lastKnownFileType = folder.assetcatalog; path = Assets.xcassets; sourceTree = "<group>"; };
		7CD4145B2084E3F700134D4C /* Base */ = {isa = PBXFileReference; lastKnownFileType = file.storyboard; name = Base; path = Base.lproj/LaunchScreen.storyboard; sourceTree = "<group>"; };
		7CD4145D2084E3F700134D4C /* Info.plist */ = {isa = PBXFileReference; lastKnownFileType = text.plist.xml; path = Info.plist; sourceTree = "<group>"; };
		7CD414622084E3F700134D4C /* RandomizlyTests.xctest */ = {isa = PBXFileReference; explicitFileType = wrapper.cfbundle; includeInIndex = 0; name = RandomizlyTests.xctest; path = "/Users/nathaniel.idahosa/Dropbox/Coding/Swift/Mimo/Randomizly-master/build/Debug-iphoneos/RandomizlyTests.xctest"; sourceTree = "<absolute>"; };
		7CD4146D2084E3F700134D4C /* RandomizlyUITests.xctest */ = {isa = PBXFileReference; explicitFileType = wrapper.cfbundle; includeInIndex = 0; name = RandomizlyUITests.xctest; path = "/Users/nathaniel.idahosa/Dropbox/Coding/Swift/Mimo/Randomizly-master/build/Debug-iphoneos/RandomizlyUITests.xctest"; sourceTree = "<absolute>"; };
		AEA1743B20E80D4200757B35 /* RandomizlyModel.swift */ = {isa = PBXFileReference; lastKnownFileType = sourcecode.swift; path = RandomizlyModel.swift; sourceTree = "<group>"; };
		AECAED8920BD747A0052BBFE /* GameViewController.swift */ = {isa = PBXFileReference; lastKnownFileType = sourcecode.swift; path = GameViewController.swift; sourceTree = "<group>"; };
/* End PBXFileReference section */

/* Begin PBXFrameworksBuildPhase section */
		7CD4144B2084E3F700134D4C /* Frameworks */ = {
			isa = PBXFrameworksBuildPhase;
			buildActionMask = 2147483647;
			files = (
			);
			runOnlyForDeploymentPostprocessing = 0;
		};
		7CD4145F2084E3F700134D4C /* Frameworks */ = {
			isa = PBXFrameworksBuildPhase;
			buildActionMask = 2147483647;
			files = (
			);
			runOnlyForDeploymentPostprocessing = 0;
		};
		7CD4146A2084E3F700134D4C /* Frameworks */ = {
			isa = PBXFrameworksBuildPhase;
			buildActionMask = 2147483647;
			files = (
			);
			runOnlyForDeploymentPostprocessing = 0;
		};
/* End PBXFrameworksBuildPhase section */

/* Begin PBXGroup section */
		7CD414452084E3F700134D4C = {
			isa = PBXGroup;
			children = (
				7CD414502084E3F700134D4C /* Randomizly */,
			);
			sourceTree = "<group>";
		};
		7CD414502084E3F700134D4C /* Randomizly */ = {
			isa = PBXGroup;
			children = (
				7CD414512084E3F700134D4C /* AppDelegate.swift */,
				7CD414532084E3F700134D4C /* MenuViewController.swift */,
				7CD414552084E3F700134D4C /* Main.storyboard */,
				AEA1743B20E80D4200757B35 /* RandomizlyModel.swift */,
				AECAED8920BD747A0052BBFE /* GameViewController.swift */,
				7CD414582084E3F700134D4C /* Assets.xcassets */,
				7CD4145A2084E3F700134D4C /* LaunchScreen.storyboard */,
				7CD4145D2084E3F700134D4C /* Info.plist */,
			);
			path = Randomizly;
			sourceTree = "<group>";
		};
/* End PBXGroup section */

/* Begin PBXNativeTarget section */
		7CD4144D2084E3F700134D4C /* Randomizly */ = {
			isa = PBXNativeTarget;
			buildConfigurationList = 7CD414762084E3F700134D4C /* Build configuration list for PBXNativeTarget "Randomizly" */;
			buildPhases = (
				7CD4144A2084E3F700134D4C /* Sources */,
				7CD4144B2084E3F700134D4C /* Frameworks */,
				7CD4144C2084E3F700134D4C /* Resources */,
			);
			buildRules = (
			);
			dependencies = (
			);
			name = Randomizly;
			productName = Randomizly;
			productReference = 7CD4144E2084E3F700134D4C /* Randomizly.app */;
			productType = "com.apple.product-type.application";
		};
		7CD414612084E3F700134D4C /* RandomizlyTests */ = {
			isa = PBXNativeTarget;
			buildConfigurationList = 7CD414792084E3F700134D4C /* Build configuration list for PBXNativeTarget "RandomizlyTests" */;
			buildPhases = (
				7CD4145E2084E3F700134D4C /* Sources */,
				7CD4145F2084E3F700134D4C /* Frameworks */,
				7CD414602084E3F700134D4C /* Resources */,
			);
			buildRules = (
			);
			dependencies = (
				7CD414642084E3F700134D4C /* PBXTargetDependency */,
			);
			name = RandomizlyTests;
			productName = RandomizlyTests;
			productReference = 7CD414622084E3F700134D4C /* RandomizlyTests.xctest */;
			productType = "com.apple.product-type.bundle.unit-test";
		};
		7CD4146C2084E3F700134D4C /* RandomizlyUITests */ = {
			isa = PBXNativeTarget;
			buildConfigurationList = 7CD4147C2084E3F700134D4C /* Build configuration list for PBXNativeTarget "RandomizlyUITests" */;
			buildPhases = (
				7CD414692084E3F700134D4C /* Sources */,
				7CD4146A2084E3F700134D4C /* Frameworks */,
				7CD4146B2084E3F700134D4C /* Resources */,
			);
			buildRules = (
			);
			dependencies = (
				7CD4146F2084E3F700134D4C /* PBXTargetDependency */,
			);
			name = RandomizlyUITests;
			productName = RandomizlyUITests;
			productReference = 7CD4146D2084E3F700134D4C /* RandomizlyUITests.xctest */;
			productType = "com.apple.product-type.bundle.ui-testing";
		};
/* End PBXNativeTarget section */

/* Begin PBXProject section */
		7CD414462084E3F700134D4C /* Project object */ = {
			isa = PBXProject;
			attributes = {
				LastSwiftUpdateCheck = 0920;
				LastUpgradeCheck = 0920;
				ORGANIZATIONNAME = "Nathaniel Idahosa";
				TargetAttributes = {
					7CD4144D2084E3F700134D4C = {
						CreatedOnToolsVersion = 9.2;
						ProvisioningStyle = Automatic;
					};
					7CD414612084E3F700134D4C = {
						CreatedOnToolsVersion = 9.2;
						ProvisioningStyle = Automatic;
						TestTargetID = 7CD4144D2084E3F700134D4C;
					};
					7CD4146C2084E3F700134D4C = {
						CreatedOnToolsVersion = 9.2;
						ProvisioningStyle = Automatic;
						TestTargetID = 7CD4144D2084E3F700134D4C;
					};
				};
			};
			buildConfigurationList = 7CD414492084E3F700134D4C /* Build configuration list for PBXProject "Randomizly" */;
			compatibilityVersion = "Xcode 9.3";
			developmentRegion = en;
			hasScannedForEncodings = 0;
			knownRegions = (
				en,
				Base,
			);
			mainGroup = 7CD414452084E3F700134D4C;
			productRefGroup = 7CD414452084E3F700134D4C;
			projectDirPath = "";
			projectRoot = "";
			targets = (
				7CD4144D2084E3F700134D4C /* Randomizly */,
				7CD414612084E3F700134D4C /* RandomizlyTests */,
				7CD4146C2084E3F700134D4C /* RandomizlyUITests */,
			);
		};
/* End PBXProject section */

/* Begin PBXResourcesBuildPhase section */
		7CD4144C2084E3F700134D4C /* Resources */ = {
			isa = PBXResourcesBuildPhase;
			buildActionMask = 2147483647;
			files = (
				7CD4145C2084E3F700134D4C /* LaunchScreen.storyboard in Resources */,
				7CD414592084E3F700134D4C /* Assets.xcassets in Resources */,
				7CD414572084E3F700134D4C /* Main.storyboard in Resources */,
			);
			runOnlyForDeploymentPostprocessing = 0;
		};
		7CD414602084E3F700134D4C /* Resources */ = {
			isa = PBXResourcesBuildPhase;
			buildActionMask = 2147483647;
			files = (
			);
			runOnlyForDeploymentPostprocessing = 0;
		};
		7CD4146B2084E3F700134D4C /* Resources */ = {
			isa = PBXResourcesBuildPhase;
			buildActionMask = 2147483647;
			files = (
			);
			runOnlyForDeploymentPostprocessing = 0;
		};
/* End PBXResourcesBuildPhase section */

/* Begin PBXSourcesBuildPhase section */
		7CD4144A2084E3F700134D4C /* Sources */ = {
			isa = PBXSourcesBuildPhase;
			buildActionMask = 2147483647;
			files = (
				7CD414542084E3F700134D4C /* MenuViewController.swift in Sources */,
				AECAED8A20BD747A0052BBFE /* GameViewController.swift in Sources */,
				AEA1743C20E80D4200757B35 /* RandomizlyModel.swift in Sources */,
				7CD414522084E3F700134D4C /* AppDelegate.swift in Sources */,
			);
			runOnlyForDeploymentPostprocessing = 0;
		};
		7CD4145E2084E3F700134D4C /* Sources */ = {
			isa = PBXSourcesBuildPhase;
			buildActionMask = 2147483647;
			files = (
			);
			runOnlyForDeploymentPostprocessing = 0;
		};
		7CD414692084E3F700134D4C /* Sources */ = {
			isa = PBXSourcesBuildPhase;
			buildActionMask = 2147483647;
			files = (
			);
			runOnlyForDeploymentPostprocessing = 0;
		};
/* End PBXSourcesBuildPhase section */

/* Begin PBXTargetDependency section */
		7CD414642084E3F700134D4C /* PBXTargetDependency */ = {
			isa = PBXTargetDependency;
			target = 7CD4144D2084E3F700134D4C /* Randomizly */;
			targetProxy = 7CD414632084E3F700134D4C /* PBXContainerItemProxy */;
		};
		7CD4146F2084E3F700134D4C /* PBXTargetDependency */ = {
			isa = PBXTargetDependency;
			target = 7CD4144D2084E3F700134D4C /* Randomizly */;
			targetProxy = 7CD4146E2084E3F700134D4C /* PBXContainerItemProxy */;
		};
/* End PBXTargetDependency section */

/* Begin PBXVariantGroup section */
		7CD414552084E3F700134D4C /* Main.storyboard */ = {
			isa = PBXVariantGroup;
			children = (
				7CD414562084E3F700134D4C /* Base */,
			);
			name = Main.storyboard;
			sourceTree = "<group>";
		};
		7CD4145A2084E3F700134D4C /* LaunchScreen.storyboard */ = {
			isa = PBXVariantGroup;
			children = (
				7CD4145B2084E3F700134D4C /* Base */,
			);
			name = LaunchScreen.storyboard;
			sourceTree = "<group>";
		};
/* End PBXVariantGroup section */

/* Begin XCBuildConfiguration section */
		7CD414742084E3F700134D4C /* Debug */ = {
			isa = XCBuildConfiguration;
			buildSettings = {
				ALWAYS_SEARCH_USER_PATHS = NO;
				CLANG_ANALYZER_NONNULL = YES;
				CLANG_ANALYZER_NUMBER_OBJECT_CONVERSION = YES_AGGRESSIVE;
				CLANG_CXX_LANGUAGE_STANDARD = "gnu++14";
				CLANG_CXX_LIBRARY = "libc++";
				CLANG_ENABLE_MODULES = YES;
				CLANG_ENABLE_OBJC_ARC = YES;
				CLANG_WARN_BLOCK_CAPTURE_AUTORELEASING = YES;
				CLANG_WARN_BOOL_CONVERSION = YES;
				CLANG_WARN_COMMA = YES;
				CLANG_WARN_CONSTANT_CONVERSION = YES;
				CLANG_WARN_DIRECT_OBJC_ISA_USAGE = YES_ERROR;
				CLANG_WARN_DOCUMENTATION_COMMENTS = YES;
				CLANG_WARN_EMPTY_BODY = YES;
				CLANG_WARN_ENUM_CONVERSION = YES;
				CLANG_WARN_INFINITE_RECURSION = YES;
				CLANG_WARN_INT_CONVERSION = YES;
				CLANG_WARN_NON_LITERAL_NULL_CONVERSION = YES;
				CLANG_WARN_OBJC_LITERAL_CONVERSION = YES;
				CLANG_WARN_OBJC_ROOT_CLASS = YES_ERROR;
				CLANG_WARN_RANGE_LOOP_ANALYSIS = YES;
				CLANG_WARN_STRICT_PROTOTYPES = YES;
				CLANG_WARN_SUSPICIOUS_MOVE = YES;
				CLANG_WARN_UNGUARDED_AVAILABILITY = YES_AGGRESSIVE;
				CLANG_WARN_UNREACHABLE_CODE = YES;
				CLANG_WARN__DUPLICATE_METHOD_MATCH = YES;
				CODE_SIGN_IDENTITY = "iPhone Developer";
				COPY_PHASE_STRIP = NO;
				DEBUG_INFORMATION_FORMAT = dwarf;
				ENABLE_STRICT_OBJC_MSGSEND = YES;
				ENABLE_TESTABILITY = YES;
				GCC_C_LANGUAGE_STANDARD = gnu11;
				GCC_DYNAMIC_NO_PIC = NO;
				GCC_NO_COMMON_BLOCKS = YES;
				GCC_OPTIMIZATION_LEVEL = 0;
				GCC_PREPROCESSOR_DEFINITIONS = (
					"DEBUG=1",
					"$(inherited)",
				);
				GCC_WARN_64_TO_32_BIT_CONVERSION = YES;
				GCC_WARN_ABOUT_RETURN_TYPE = YES_ERROR;
				GCC_WARN_UNDECLARED_SELECTOR = YES;
				GCC_WARN_UNINITIALIZED_AUTOS = YES_AGGRESSIVE;
				GCC_WARN_UNUSED_FUNCTION = YES;
				GCC_WARN_UNUSED_VARIABLE = YES;
				IPHONEOS_DEPLOYMENT_TARGET = 11.2;
				MTL_ENABLE_DEBUG_INFO = YES;
				ONLY_ACTIVE_ARCH = YES;
				SDKROOT = iphoneos;
				SWIFT_ACTIVE_COMPILATION_CONDITIONS = DEBUG;
				SWIFT_OPTIMIZATION_LEVEL = "-Onone";
			};
			name = Debug;
		};
		7CD414752084E3F700134D4C /* Release */ = {
			isa = XCBuildConfiguration;
			buildSettings = {
				ALWAYS_SEARCH_USER_PATHS = NO;
				CLANG_ANALYZER_NONNULL = YES;
				CLANG_ANALYZER_NUMBER_OBJECT_CONVERSION = YES_AGGRESSIVE;
				CLANG_CXX_LANGUAGE_STANDARD = "gnu++14";
				CLANG_CXX_LIBRARY = "libc++";
				CLANG_ENABLE_MODULES = YES;
				CLANG_ENABLE_OBJC_ARC = YES;
				CLANG_WARN_BLOCK_CAPTURE_AUTORELEASING = YES;
				CLANG_WARN_BOOL_CONVERSION = YES;
				CLANG_WARN_COMMA = YES;
				CLANG_WARN_CONSTANT_CONVERSION = YES;
				CLANG_WARN_DIRECT_OBJC_ISA_USAGE = YES_ERROR;
				CLANG_WARN_DOCUMENTATION_COMMENTS = YES;
				CLANG_WARN_EMPTY_BODY = YES;
				CLANG_WARN_ENUM_CONVERSION = YES;
				CLANG_WARN_INFINITE_RECURSION = YES;
				CLANG_WARN_INT_CONVERSION = YES;
				CLANG_WARN_NON_LITERAL_NULL_CONVERSION = YES;
				CLANG_WARN_OBJC_LITERAL_CONVERSION = YES;
				CLANG_WARN_OBJC_ROOT_CLASS = YES_ERROR;
				CLANG_WARN_RANGE_LOOP_ANALYSIS = YES;
				CLANG_WARN_STRICT_PROTOTYPES = YES;
				CLANG_WARN_SUSPICIOUS_MOVE = YES;
				CLANG_WARN_UNGUARDED_AVAILABILITY = YES_AGGRESSIVE;
				CLANG_WARN_UNREACHABLE_CODE = YES;
				CLANG_WARN__DUPLICATE_METHOD_MATCH = YES;
				CODE_SIGN_IDENTITY = "iPhone Developer";
				COPY_PHASE_STRIP = NO;
				DEBUG_INFORMATION_FORMAT = "dwarf-with-dsym";
				ENABLE_NS_ASSERTIONS = NO;
				ENABLE_STRICT_OBJC_MSGSEND = YES;
				GCC_C_LANGUAGE_STANDARD = gnu11;
				GCC_NO_COMMON_BLOCKS = YES;
				GCC_WARN_64_TO_32_BIT_CONVERSION = YES;
				GCC_WARN_ABOUT_RETURN_TYPE = YES_ERROR;
				GCC_WARN_UNDECLARED_SELECTOR = YES;
				GCC_WARN_UNINITIALIZED_AUTOS = YES_AGGRESSIVE;
				GCC_WARN_UNUSED_FUNCTION = YES;
				GCC_WARN_UNUSED_VARIABLE = YES;
				IPHONEOS_DEPLOYMENT_TARGET = 11.2;
				MTL_ENABLE_DEBUG_INFO = NO;
				SDKROOT = iphoneos;
				SWIFT_COMPILATION_MODE = wholemodule;
				SWIFT_OPTIMIZATION_LEVEL = "-O";
				VALIDATE_PRODUCT = YES;
			};
			name = Release;
		};
		7CD414772084E3F700134D4C /* Debug */ = {
			isa = XCBuildConfiguration;
			buildSettings = {
				ASSETCATALOG_COMPILER_APPICON_NAME = AppIcon;
				CODE_SIGN_STYLE = Automatic;
				DEVELOPMENT_TEAM = MZ26JJ5D63;
				INFOPLIST_FILE = Randomizly/Info.plist;
				LD_RUNPATH_SEARCH_PATHS = (
					"$(inherited)",
					"@executable_path/Frameworks",
				);
				PRODUCT_BUNDLE_IDENTIFIER = com.appostolisch;
				PRODUCT_NAME = "$(TARGET_NAME)";
				SWIFT_VERSION = 4.0;
				TARGETED_DEVICE_FAMILY = "1,2";
			};
			name = Debug;
		};
		7CD414782084E3F700134D4C /* Release */ = {
			isa = XCBuildConfiguration;
			buildSettings = {
				ASSETCATALOG_COMPILER_APPICON_NAME = AppIcon;
				CODE_SIGN_STYLE = Automatic;
				DEVELOPMENT_TEAM = MZ26JJ5D63;
				INFOPLIST_FILE = Randomizly/Info.plist;
				LD_RUNPATH_SEARCH_PATHS = (
					"$(inherited)",
					"@executable_path/Frameworks",
				);
				PRODUCT_BUNDLE_IDENTIFIER = com.appostolisch;
				PRODUCT_NAME = "$(TARGET_NAME)";
				SWIFT_VERSION = 4.0;
				TARGETED_DEVICE_FAMILY = "1,2";
			};
			name = Release;
		};
		7CD4147A2084E3F700134D4C /* Debug */ = {
			isa = XCBuildConfiguration;
			buildSettings = {
				ALWAYS_EMBED_SWIFT_STANDARD_LIBRARIES = YES;
				BUNDLE_LOADER = "$(TEST_HOST)";
				CODE_SIGN_STYLE = Automatic;
				INFOPLIST_FILE = RandomizlyTests/Info.plist;
				LD_RUNPATH_SEARCH_PATHS = (
					"$(inherited)",
					"@executable_path/Frameworks",
					"@loader_path/Frameworks",
				);
				PRODUCT_BUNDLE_IDENTIFIER = mimo.RandomizlyTests;
				PRODUCT_NAME = "$(TARGET_NAME)";
				SWIFT_VERSION = 4.0;
				TARGETED_DEVICE_FAMILY = "1,2";
				TEST_HOST = "$(BUILT_PRODUCTS_DIR)/Randomizly.app/Randomizly";
			};
			name = Debug;
		};
		7CD4147B2084E3F700134D4C /* Release */ = {
			isa = XCBuildConfiguration;
			buildSettings = {
				ALWAYS_EMBED_SWIFT_STANDARD_LIBRARIES = YES;
				BUNDLE_LOADER = "$(TEST_HOST)";
				CODE_SIGN_STYLE = Automatic;
				INFOPLIST_FILE = RandomizlyTests/Info.plist;
				LD_RUNPATH_SEARCH_PATHS = (
					"$(inherited)",
					"@executable_path/Frameworks",
					"@loader_path/Frameworks",
				);
				PRODUCT_BUNDLE_IDENTIFIER = mimo.RandomizlyTests;
				PRODUCT_NAME = "$(TARGET_NAME)";
				SWIFT_VERSION = 4.0;
				TARGETED_DEVICE_FAMILY = "1,2";
				TEST_HOST = "$(BUILT_PRODUCTS_DIR)/Randomizly.app/Randomizly";
			};
			name = Release;
		};
		7CD4147D2084E3F700134D4C /* Debug */ = {
			isa = XCBuildConfiguration;
			buildSettings = {
				ALWAYS_EMBED_SWIFT_STANDARD_LIBRARIES = YES;
				CODE_SIGN_STYLE = Automatic;
				INFOPLIST_FILE = RandomizlyUITests/Info.plist;
				LD_RUNPATH_SEARCH_PATHS = (
					"$(inherited)",
					"@executable_path/Frameworks",
					"@loader_path/Frameworks",
				);
				PRODUCT_BUNDLE_IDENTIFIER = mimo.RandomizlyUITests;
				PRODUCT_NAME = "$(TARGET_NAME)";
				SWIFT_VERSION = 4.0;
				TARGETED_DEVICE_FAMILY = "1,2";
				TEST_TARGET_NAME = Randomizly;
			};
			name = Debug;
		};
		7CD4147E2084E3F700134D4C /* Release */ = {
			isa = XCBuildConfiguration;
			buildSettings = {
				ALWAYS_EMBED_SWIFT_STANDARD_LIBRARIES = YES;
				CODE_SIGN_STYLE = Automatic;
				INFOPLIST_FILE = RandomizlyUITests/Info.plist;
				LD_RUNPATH_SEARCH_PATHS = (
					"$(inherited)",
					"@executable_path/Frameworks",
					"@loader_path/Frameworks",
				);
				PRODUCT_BUNDLE_IDENTIFIER = mimo.RandomizlyUITests;
				PRODUCT_NAME = "$(TARGET_NAME)";
				SWIFT_VERSION = 4.0;
				TARGETED_DEVICE_FAMILY = "1,2";
				TEST_TARGET_NAME = Randomizly;
			};
			name = Release;
		};
/* End XCBuildConfiguration section */

/* Begin XCConfigurationList section */
		7CD414492084E3F700134D4C /* Build configuration list for PBXProject "Randomizly" */ = {
			isa = XCConfigurationList;
			buildConfigurations = (
				7CD414742084E3F700134D4C /* Debug */,
				7CD414752084E3F700134D4C /* Release */,
			);
			defaultConfigurationIsVisible = 0;
			defaultConfigurationName = Release;
		};
		7CD414762084E3F700134D4C /* Build configuration list for PBXNativeTarget "Randomizly" */ = {
			isa = XCConfigurationList;
			buildConfigurations = (
				7CD414772084E3F700134D4C /* Debug */,
				7CD414782084E3F700134D4C /* Release */,
			);
			defaultConfigurationIsVisible = 0;
			defaultConfigurationName = Release;
		};
		7CD414792084E3F700134D4C /* Build configuration list for PBXNativeTarget "RandomizlyTests" */ = {
			isa = XCConfigurationList;
			buildConfigurations = (
				7CD4147A2084E3F700134D4C /* Debug */,
				7CD4147B2084E3F700134D4C /* Release */,
			);
			defaultConfigurationIsVisible = 0;
			defaultConfigurationName = Release;
		};
		7CD4147C2084E3F700134D4C /* Build configuration list for PBXNativeTarget "RandomizlyUITests" */ = {
			isa = XCConfigurationList;
			buildConfigurations = (
				7CD4147D2084E3F700134D4C /* Debug */,
				7CD4147E2084E3F700134D4C /* Release */,
			);
			defaultConfigurationIsVisible = 0;
			defaultConfigurationName = Release;
		};
/* End XCConfigurationList section */
	};
	rootObject = 7CD414462084E3F700134D4C /* Project object */;
}
